{
  "name": "proyecto78",
  "lockfileVersion": 2,
  "requires": true,
  "packages": {
    "": {
      "dependencies": {
        "particle.js": "^1.0.7",
        "particlesjs": "^2.2.3",
        "typed-js": "^0.2.3"
      }
    },
    "node_modules/particle.js": {
      "version": "1.0.7",
      "resolved": "https://registry.npmjs.org/particle.js/-/particle.js-1.0.7.tgz",
      "integrity": "sha512-ZZTwoPORCJPTBhhy72QXhiY1/ToRljFBZHyPt/ccGQkARtac3rFSgkCzriXsDHCVtOasgIX8h4q8AIHl1/hMiw=="
    },
    "node_modules/particlesjs": {
      "version": "2.2.3",
      "resolved": "https://registry.npmjs.org/particlesjs/-/particlesjs-2.2.3.tgz",
      "integrity": "sha512-f0rL80Agqdsrnv/uhlLewv+LMdiXHu9MYPzMv0ZLPM06nLx3zmAXMH882fxqO6Uzb91csli8WlWaYd2XPN0d/Q=="
    },
    "node_modules/typed-js": {
      "version": "0.2.3",
      "resolved": "https://registry.npmjs.org/typed-js/-/typed-js-0.2.3.tgz",
      "integrity": "sha512-3/dcS9uIxBTvN6lWoC2dA6BfmGjcxlIzJe9VlzvJcTADuYGvj3rHRvyP7g8rRq72C8yqqEN6C4mL3qBRk4Le2w==",
      "engines": {
        "node": ">=4.0.0"
      }
    }
  },
  "dependencies": {
    "particle.js": {
      "version": "1.0.7",
      "resolved": "https://registry.npmjs.org/particle.js/-/particle.js-1.0.7.tgz",
      "integrity": "sha512-ZZTwoPORCJPTBhhy72QXhiY1/ToRljFBZHyPt/ccGQkARtac3rFSgkCzriXsDHCVtOasgIX8h4q8AIHl1/hMiw=="
    },
    "particlesjs": {
      "version": "2.2.3",
      "resolved": "https://registry.npmjs.org/particlesjs/-/particlesjs-2.2.3.tgz",
      "integrity": "sha512-f0rL80Agqdsrnv/uhlLewv+LMdiXHu9MYPzMv0ZLPM06nLx3zmAXMH882fxqO6Uzb91csli8WlWaYd2XPN0d/Q=="
    },
    "typed-js": {
      "version": "0.2.3",
      "resolved": "https://registry.npmjs.org/typed-js/-/typed-js-0.2.3.tgz",
      "integrity": "sha512-3/dcS9uIxBTvN6lWoC2dA6BfmGjcxlIzJe9VlzvJcTADuYGvj3rHRvyP7g8rRq72C8yqqEN6C4mL3qBRk4Le2w=="
    }
  }
}
